
Microsoft Visual Studio Solution File, Format Version 12.00
# Visual Studio Version 16
VisualStudioVersion = 16.0.30104.148
MinimumVisualStudioVersion = 10.0.40219.1
Project("{9A19103F-16F7-4668-BE54-9A1E7A4F7556}") = "eShop.WebApp", "eShop.WebApp\eShop.WebApp.csproj", "{EE908F4E-BBDE-4C82-9020-D81F99DB6328}"
EndProject
Project("{2150E333-8FDC-42A3-9474-1A3956D46DE8}") = "Solution Items", "Solution Items", "{5CCBE72B-5417-47FB-8850-6E587CCAE1D0}"
	ProjectSection(SolutionItems) = preProject
		README.md = README.md
	EndProjectSection
EndProject
Project("{9A19103F-16F7-4668-BE54-9A1E7A4F7556}") = "eShop.Data", "eShop.Data\eShop.Data.csproj", "{74242249-A381-4212-8587-C979990C15DB}"
EndProject
Project("{9A19103F-16F7-4668-BE54-9A1E7A4F7556}") = "eShop.Application", "eShop.Application\eShop.Application.csproj", "{2DC9B4BA-21D3-48C9-9038-2CF7AE2815E3}"
EndProject
Project("{9A19103F-16F7-4668-BE54-9A1E7A4F7556}") = "eShop.Utilities", "eShop.Utilities\eShop.Utilities.csproj", "{ED6B359B-753D-49C8-BDCB-52393D679E7D}"
EndProject
Project("{FAE04EC0-301F-11D3-BF4B-00C04F79EFBC}") = "eShop.ViewModels", "eShop.ViewModels\eShop.ViewModels.csproj", "{E8143976-F643-466E-B1D0-9A29633180B6}"
EndProject
Global
	GlobalSection(SolutionConfigurationPlatforms) = preSolution
		Debug|Any CPU = Debug|Any CPU
		Release|Any CPU = Release|Any CPU
	EndGlobalSection
	GlobalSection(ProjectConfigurationPlatforms) = postSolution
		{EE908F4E-BBDE-4C82-9020-D81F99DB6328}.Debug|Any CPU.ActiveCfg = Debug|Any CPU
		{EE908F4E-BBDE-4C82-9020-D81F99DB6328}.Debug|Any CPU.Build.0 = Debug|Any CPU
		{EE908F4E-BBDE-4C82-9020-D81F99DB6328}.Release|Any CPU.ActiveCfg = Release|Any CPU
		{EE908F4E-BBDE-4C82-9020-D81F99DB6328}.Release|Any CPU.Build.0 = Release|Any CPU
		{74242249-A381-4212-8587-C979990C15DB}.Debug|Any CPU.ActiveCfg = Debug|Any CPU
		{74242249-A381-4212-8587-C979990C15DB}.Debug|Any CPU.Build.0 = Debug|Any CPU
		{74242249-A381-4212-8587-C979990C15DB}.Release|Any CPU.ActiveCfg = Release|Any CPU
		{74242249-A381-4212-8587-C979990C15DB}.Release|Any CPU.Build.0 = Release|Any CPU
		{2DC9B4BA-21D3-48C9-9038-2CF7AE2815E3}.Debug|Any CPU.ActiveCfg = Debug|Any CPU
		{2DC9B4BA-21D3-48C9-9038-2CF7AE2815E3}.Debug|Any CPU.Build.0 = Debug|Any CPU
		{2DC9B4BA-21D3-48C9-9038-2CF7AE2815E3}.Release|Any CPU.ActiveCfg = Release|Any CPU
		{2DC9B4BA-21D3-48C9-9038-2CF7AE2815E3}.Release|Any CPU.Build.0 = Release|Any CPU
		{ED6B359B-753D-49C8-BDCB-52393D679E7D}.Debug|Any CPU.ActiveCfg = Debug|Any CPU
		{ED6B359B-753D-49C8-BDCB-52393D679E7D}.Debug|Any CPU.Build.0 = Debug|Any CPU
		{ED6B359B-753D-49C8-BDCB-52393D679E7D}.Release|Any CPU.ActiveCfg = Release|Any CPU
		{ED6B359B-753D-49C8-BDCB-52393D679E7D}.Release|Any CPU.Build.0 = Release|Any CPU
		{E8143976-F643-466E-B1D0-9A29633180B6}.Debug|Any CPU.ActiveCfg = Debug|Any CPU
		{E8143976-F643-466E-B1D0-9A29633180B6}.Debug|Any CPU.Build.0 = Debug|Any CPU
		{E8143976-F643-466E-B1D0-9A29633180B6}.Release|Any CPU.ActiveCfg = Release|Any CPU
		{E8143976-F643-466E-B1D0-9A29633180B6}.Release|Any CPU.Build.0 = Release|Any CPU
	EndGlobalSection
	GlobalSection(SolutionProperties) = preSolution
		HideSolutionNode = FALSE
	EndGlobalSection
	GlobalSection(ExtensibilityGlobals) = postSolution
		SolutionGuid = {37128579-0E9F-4459-8C73-A930A5723862}
	EndGlobalSection
EndGlobal
